// !$*UTF8*$!
{
	archiveVersion = 1;
	classes = {
	};
	objectVersion = 46;
	objects = {

/* Begin PBXBuildFile section */
		07E20AB08B9C41D664C8233C /* Pods_ProjetoJenkins.framework in Frameworks */ = {isa = PBXBuildFile; fileRef = D7DB156E688FD82918511E1E /* Pods_ProjetoJenkins.framework */; };
		20974C5FDF36E1911AC0B678 /* Pods_ProjetoJenkinsTests.framework in Frameworks */ = {isa = PBXBuildFile; fileRef = 4982FCC5AA26AFA205867F90 /* Pods_ProjetoJenkinsTests.framework */; };
		D65BF88D1EFB50A200F6C962 /* AppDelegate.swift in Sources */ = {isa = PBXBuildFile; fileRef = D65BF88C1EFB50A200F6C962 /* AppDelegate.swift */; };
		D65BF88F1EFB50A200F6C962 /* ViewController.swift in Sources */ = {isa = PBXBuildFile; fileRef = D65BF88E1EFB50A200F6C962 /* ViewController.swift */; };
		D65BF8921EFB50A200F6C962 /* Main.storyboard in Resources */ = {isa = PBXBuildFile; fileRef = D65BF8901EFB50A200F6C962 /* Main.storyboard */; };
		D65BF8941EFB50A200F6C962 /* Assets.xcassets in Resources */ = {isa = PBXBuildFile; fileRef = D65BF8931EFB50A200F6C962 /* Assets.xcassets */; };
		D65BF8971EFB50A200F6C962 /* LaunchScreen.storyboard in Resources */ = {isa = PBXBuildFile; fileRef = D65BF8951EFB50A200F6C962 /* LaunchScreen.storyboard */; };
		D65BF8A21EFB50A300F6C962 /* ProjetoJenkinsTests.swift in Sources */ = {isa = PBXBuildFile; fileRef = D65BF8A11EFB50A300F6C962 /* ProjetoJenkinsTests.swift */; };
		D65D82D01EFB653700E3CD24 /* Gemfile in Resources */ = {isa = PBXBuildFile; fileRef = D65D82CF1EFB653700E3CD24 /* Gemfile */; };
/* End PBXBuildFile section */

/* Begin PBXContainerItemProxy section */
		D65BF89E1EFB50A300F6C962 /* PBXContainerItemProxy */ = {
			isa = PBXContainerItemProxy;
			containerPortal = D65BF8811EFB50A200F6C962 /* Project object */;
			proxyType = 1;
			remoteGlobalIDString = D65BF8881EFB50A200F6C962;
			remoteInfo = ProjetoJenkins;
		};
/* End PBXContainerItemProxy section */

/* Begin PBXFileReference section */
		0C92BF69FA972061F726BB1E /* Pods-ProjetoJenkins.debug.xcconfig */ = {isa = PBXFileReference; includeInIndex = 1; lastKnownFileType = text.xcconfig; name = "Pods-ProjetoJenkins.debug.xcconfig"; path = "Pods/Target Support Files/Pods-ProjetoJenkins/Pods-ProjetoJenkins.debug.xcconfig"; sourceTree = "<group>"; };
		335FEC2BF6A0FDFB72AF0A99 /* Pods-ProjetoJenkinsTests.debug.xcconfig */ = {isa = PBXFileReference; includeInIndex = 1; lastKnownFileType = text.xcconfig; name = "Pods-ProjetoJenkinsTests.debug.xcconfig"; path = "Pods/Target Support Files/Pods-ProjetoJenkinsTests/Pods-ProjetoJenkinsTests.debug.xcconfig"; sourceTree = "<group>"; };
		4982FCC5AA26AFA205867F90 /* Pods_ProjetoJenkinsTests.framework */ = {isa = PBXFileReference; explicitFileType = wrapper.framework; includeInIndex = 0; path = Pods_ProjetoJenkinsTests.framework; sourceTree = BUILT_PRODUCTS_DIR; };
		867807A31EB6BB0F33352390 /* Pods-ProjetoJenkins.release.xcconfig */ = {isa = PBXFileReference; includeInIndex = 1; lastKnownFileType = text.xcconfig; name = "Pods-ProjetoJenkins.release.xcconfig"; path = "Pods/Target Support Files/Pods-ProjetoJenkins/Pods-ProjetoJenkins.release.xcconfig"; sourceTree = "<group>"; };
		D65BF8891EFB50A200F6C962 /* ProjetoJenkins.app */ = {isa = PBXFileReference; explicitFileType = wrapper.application; includeInIndex = 0; path = ProjetoJenkins.app; sourceTree = BUILT_PRODUCTS_DIR; };
		D65BF88C1EFB50A200F6C962 /* AppDelegate.swift */ = {isa = PBXFileReference; lastKnownFileType = sourcecode.swift; path = AppDelegate.swift; sourceTree = "<group>"; };
		D65BF88E1EFB50A200F6C962 /* ViewController.swift */ = {isa = PBXFileReference; lastKnownFileType = sourcecode.swift; path = ViewController.swift; sourceTree = "<group>"; };
		D65BF8911EFB50A200F6C962 /* Base */ = {isa = PBXFileReference; lastKnownFileType = file.storyboard; name = Base; path = Base.lproj/Main.storyboard; sourceTree = "<group>"; };
		D65BF8931EFB50A200F6C962 /* Assets.xcassets */ = {isa = PBXFileReference; lastKnownFileType = folder.assetcatalog; path = Assets.xcassets; sourceTree = "<group>"; };
		D65BF8961EFB50A200F6C962 /* Base */ = {isa = PBXFileReference; lastKnownFileType = file.storyboard; name = Base; path = Base.lproj/LaunchScreen.storyboard; sourceTree = "<group>"; };
		D65BF8981EFB50A200F6C962 /* Info.plist */ = {isa = PBXFileReference; lastKnownFileType = text.plist.xml; path = Info.plist; sourceTree = "<group>"; };
		D65BF89D1EFB50A300F6C962 /* ProjetoJenkinsTests.xctest */ = {isa = PBXFileReference; explicitFileType = wrapper.cfbundle; includeInIndex = 0; path = ProjetoJenkinsTests.xctest; sourceTree = BUILT_PRODUCTS_DIR; };
		D65BF8A11EFB50A300F6C962 /* ProjetoJenkinsTests.swift */ = {isa = PBXFileReference; lastKnownFileType = sourcecode.swift; path = ProjetoJenkinsTests.swift; sourceTree = "<group>"; };
		D65BF8A31EFB50A300F6C962 /* Info.plist */ = {isa = PBXFileReference; lastKnownFileType = text.plist.xml; path = Info.plist; sourceTree = "<group>"; };
		D65D82CF1EFB653700E3CD24 /* Gemfile */ = {isa = PBXFileReference; fileEncoding = 4; lastKnownFileType = text; path = Gemfile; sourceTree = SOURCE_ROOT; };
		D7DB156E688FD82918511E1E /* Pods_ProjetoJenkins.framework */ = {isa = PBXFileReference; explicitFileType = wrapper.framework; includeInIndex = 0; path = Pods_ProjetoJenkins.framework; sourceTree = BUILT_PRODUCTS_DIR; };
		FADEC75C3809B780F469F4A0 /* Pods-ProjetoJenkinsTests.release.xcconfig */ = {isa = PBXFileReference; includeInIndex = 1; lastKnownFileType = text.xcconfig; name = "Pods-ProjetoJenkinsTests.release.xcconfig"; path = "Pods/Target Support Files/Pods-ProjetoJenkinsTests/Pods-ProjetoJenkinsTests.release.xcconfig"; sourceTree = "<group>"; };
/* End PBXFileReference section */

/* Begin PBXFrameworksBuildPhase section */
		D65BF8861EFB50A200F6C962 /* Frameworks */ = {
			isa = PBXFrameworksBuildPhase;
			buildActionMask = 2147483647;
			files = (
				07E20AB08B9C41D664C8233C /* Pods_ProjetoJenkins.framework in Frameworks */,
			);
			runOnlyForDeploymentPostprocessing = 0;
		};
		D65BF89A1EFB50A300F6C962 /* Frameworks */ = {
			isa = PBXFrameworksBuildPhase;
			buildActionMask = 2147483647;
			files = (
				20974C5FDF36E1911AC0B678 /* Pods_ProjetoJenkinsTests.framework in Frameworks */,
			);
			runOnlyForDeploymentPostprocessing = 0;
		};
/* End PBXFrameworksBuildPhase section */

/* Begin PBXGroup section */
		9FEE2A5D4F662334BE4CD2A8 /* Pods */ = {
			isa = PBXGroup;
			children = (
				0C92BF69FA972061F726BB1E /* Pods-ProjetoJenkins.debug.xcconfig */,
				867807A31EB6BB0F33352390 /* Pods-ProjetoJenkins.release.xcconfig */,
				335FEC2BF6A0FDFB72AF0A99 /* Pods-ProjetoJenkinsTests.debug.xcconfig */,
				FADEC75C3809B780F469F4A0 /* Pods-ProjetoJenkinsTests.release.xcconfig */,
			);
			name = Pods;
			sourceTree = "<group>";
		};
		D65BF8801EFB50A200F6C962 = {
			isa = PBXGroup;
			children = (
				D65BF88B1EFB50A200F6C962 /* ProjetoJenkins */,
				D65BF8A01EFB50A300F6C962 /* ProjetoJenkinsTests */,
				D65BF88A1EFB50A200F6C962 /* Products */,
				9FEE2A5D4F662334BE4CD2A8 /* Pods */,
				EFDAD8FA76B4337E0ED89C7D /* Frameworks */,
			);
			sourceTree = "<group>";
		};
		D65BF88A1EFB50A200F6C962 /* Products */ = {
			isa = PBXGroup;
			children = (
				D65BF8891EFB50A200F6C962 /* ProjetoJenkins.app */,
				D65BF89D1EFB50A300F6C962 /* ProjetoJenkinsTests.xctest */,
			);
			name = Products;
			sourceTree = "<group>";
		};
		D65BF88B1EFB50A200F6C962 /* ProjetoJenkins */ = {
			isa = PBXGroup;
			children = (
				D65D82CF1EFB653700E3CD24 /* Gemfile */,
				D65BF88C1EFB50A200F6C962 /* AppDelegate.swift */,
				D65BF88E1EFB50A200F6C962 /* ViewController.swift */,
				D65BF8901EFB50A200F6C962 /* Main.storyboard */,
				D65BF8931EFB50A200F6C962 /* Assets.xcassets */,
				D65BF8951EFB50A200F6C962 /* LaunchScreen.storyboard */,
				D65BF8981EFB50A200F6C962 /* Info.plist */,
			);
			path = ProjetoJenkins;
			sourceTree = "<group>";
		};
		D65BF8A01EFB50A300F6C962 /* ProjetoJenkinsTests */ = {
			isa = PBXGroup;
			children = (
				D65BF8A11EFB50A300F6C962 /* ProjetoJenkinsTests.swift */,
				D65BF8A31EFB50A300F6C962 /* Info.plist */,
			);
			path = ProjetoJenkinsTests;
			sourceTree = "<group>";
		};
		EFDAD8FA76B4337E0ED89C7D /* Frameworks */ = {
			isa = PBXGroup;
			children = (
				D7DB156E688FD82918511E1E /* Pods_ProjetoJenkins.framework */,
				4982FCC5AA26AFA205867F90 /* Pods_ProjetoJenkinsTests.framework */,
			);
			name = Frameworks;
			sourceTree = "<group>";
		};
/* End PBXGroup section */

/* Begin PBXNativeTarget section */
		D65BF8881EFB50A200F6C962 /* ProjetoJenkins */ = {
			isa = PBXNativeTarget;
			buildConfigurationList = D65BF8A61EFB50A300F6C962 /* Build configuration list for PBXNativeTarget "ProjetoJenkins" */;
			buildPhases = (
				0F409D7CB3415294EB861BAC /* [CP] Check Pods Manifest.lock */,
				D65BF8851EFB50A200F6C962 /* Sources */,
				D65BF8861EFB50A200F6C962 /* Frameworks */,
				D65BF8871EFB50A200F6C962 /* Resources */,
				93A0E9331716DDFF829DCA1E /* [CP] Embed Pods Frameworks */,
				A1F6FBFB47964631236EC553 /* [CP] Copy Pods Resources */,
			);
			buildRules = (
			);
			dependencies = (
			);
			name = ProjetoJenkins;
			productName = ProjetoJenkins;
			productReference = D65BF8891EFB50A200F6C962 /* ProjetoJenkins.app */;
			productType = "com.apple.product-type.application";
		};
		D65BF89C1EFB50A300F6C962 /* ProjetoJenkinsTests */ = {
			isa = PBXNativeTarget;
			buildConfigurationList = D65BF8A91EFB50A300F6C962 /* Build configuration list for PBXNativeTarget "ProjetoJenkinsTests" */;
			buildPhases = (
				627228D39717004E932EA74B /* [CP] Check Pods Manifest.lock */,
				D65BF8991EFB50A300F6C962 /* Sources */,
				D65BF89A1EFB50A300F6C962 /* Frameworks */,
				D65BF89B1EFB50A300F6C962 /* Resources */,
				DC105B183E97BB36EF86FD9F /* [CP] Embed Pods Frameworks */,
				5BA0251A479C658DB04B2ADB /* [CP] Copy Pods Resources */,
			);
			buildRules = (
			);
			dependencies = (
				D65BF89F1EFB50A300F6C962 /* PBXTargetDependency */,
			);
			name = ProjetoJenkinsTests;
			productName = ProjetoJenkinsTests;
			productReference = D65BF89D1EFB50A300F6C962 /* ProjetoJenkinsTests.xctest */;
			productType = "com.apple.product-type.bundle.unit-test";
		};
/* End PBXNativeTarget section */

/* Begin PBXProject section */
		D65BF8811EFB50A200F6C962 /* Project object */ = {
			isa = PBXProject;
			attributes = {
				LastSwiftUpdateCheck = 0820;
				LastUpgradeCheck = 0820;
				ORGANIZATIONNAME = "Alex Nunes da Silva";
				TargetAttributes = {
					D65BF8881EFB50A200F6C962 = {
						CreatedOnToolsVersion = 8.2.1;
						DevelopmentTeam = Q455L4V7AE;
						ProvisioningStyle = Manual;
					};
					D65BF89C1EFB50A300F6C962 = {
						CreatedOnToolsVersion = 8.2.1;
						ProvisioningStyle = Automatic;
						TestTargetID = D65BF8881EFB50A200F6C962;
					};
				};
			};
			buildConfigurationList = D65BF8841EFB50A200F6C962 /* Build configuration list for PBXProject "ProjetoJenkins" */;
			compatibilityVersion = "Xcode 3.2";
			developmentRegion = English;
			hasScannedForEncodings = 0;
			knownRegions = (
				en,
				Base,
			);
			mainGroup = D65BF8801EFB50A200F6C962;
			productRefGroup = D65BF88A1EFB50A200F6C962 /* Products */;
			projectDirPath = "";
			projectRoot = "";
			targets = (
				D65BF8881EFB50A200F6C962 /* ProjetoJenkins */,
				D65BF89C1EFB50A300F6C962 /* ProjetoJenkinsTests */,
			);
		};
/* End PBXProject section */

/* Begin PBXResourcesBuildPhase section */
		D65BF8871EFB50A200F6C962 /* Resources */ = {
			isa = PBXResourcesBuildPhase;
			buildActionMask = 2147483647;
			files = (
				D65D82D01EFB653700E3CD24 /* Gemfile in Resources */,
				D65BF8971EFB50A200F6C962 /* LaunchScreen.storyboard in Resources */,
				D65BF8941EFB50A200F6C962 /* Assets.xcassets in Resources */,
				D65BF8921EFB50A200F6C962 /* Main.storyboard in Resources */,
			);
			runOnlyForDeploymentPostprocessing = 0;
		};
		D65BF89B1EFB50A300F6C962 /* Resources */ = {
			isa = PBXResourcesBuildPhase;
			buildActionMask = 2147483647;
			files = (
			);
			runOnlyForDeploymentPostprocessing = 0;
		};
/* End PBXResourcesBuildPhase section */

/* Begin PBXShellScriptBuildPhase section */
		0F409D7CB3415294EB861BAC /* [CP] Check Pods Manifest.lock */ = {
			isa = PBXShellScriptBuildPhase;
			buildActionMask = 2147483647;
			files = (
			);
			inputPaths = (
			);
			name = "[CP] Check Pods Manifest.lock";
			outputPaths = (
			);
			runOnlyForDeploymentPostprocessing = 0;
			shellPath = /bin/sh;
			shellScript = "diff \"${PODS_ROOT}/../Podfile.lock\" \"${PODS_ROOT}/Manifest.lock\" > /dev/null\nif [ $? != 0 ] ; then\n    # print error to STDERR\n    echo \"error: The sandbox is not in sync with the Podfile.lock. Run 'pod install' or update your CocoaPods installation.\" >&2\n    exit 1\nfi\n";
			showEnvVarsInLog = 0;
		};
		5BA0251A479C658DB04B2ADB /* [CP] Copy Pods Resources */ = {
			isa = PBXShellScriptBuildPhase;
			buildActionMask = 2147483647;
			files = (
			);
			inputPaths = (
			);
			name = "[CP] Copy Pods Resources";
			outputPaths = (
			);
			runOnlyForDeploymentPostprocessing = 0;
			shellPath = /bin/sh;
			shellScript = "\"${SRCROOT}/Pods/Target Support Files/Pods-ProjetoJenkinsTests/Pods-ProjetoJenkinsTests-resources.sh\"\n";
			showEnvVarsInLog = 0;
		};
		627228D39717004E932EA74B /* [CP] Check Pods Manifest.lock */ = {
			isa = PBXShellScriptBuildPhase;
			buildActionMask = 2147483647;
			files = (
			);
			inputPaths = (
			);
			name = "[CP] Check Pods Manifest.lock";
			outputPaths = (
			);
			runOnlyForDeploymentPostprocessing = 0;
			shellPath = /bin/sh;
			shellScript = "diff \"${PODS_ROOT}/../Podfile.lock\" \"${PODS_ROOT}/Manifest.lock\" > /dev/null\nif [ $? != 0 ] ; then\n    # print error to STDERR\n    echo \"error: The sandbox is not in sync with the Podfile.lock. Run 'pod install' or update your CocoaPods installation.\" >&2\n    exit 1\nfi\n";
			showEnvVarsInLog = 0;
		};
		93A0E9331716DDFF829DCA1E /* [CP] Embed Pods Frameworks */ = {
			isa = PBXShellScriptBuildPhase;
			buildActionMask = 2147483647;
			files = (
			);
			inputPaths = (
			);
			name = "[CP] Embed Pods Frameworks";
			outputPaths = (
			);
			runOnlyForDeploymentPostprocessing = 0;
			shellPath = /bin/sh;
			shellScript = "\"${SRCROOT}/Pods/Target Support Files/Pods-ProjetoJenkins/Pods-ProjetoJenkins-frameworks.sh\"\n";
			showEnvVarsInLog = 0;
		};
		A1F6FBFB47964631236EC553 /* [CP] Copy Pods Resources */ = {
			isa = PBXShellScriptBuildPhase;
			buildActionMask = 2147483647;
			files = (
			);
			inputPaths = (
			);
			name = "[CP] Copy Pods Resources";
			outputPaths = (
			);
			runOnlyForDeploymentPostprocessing = 0;
			shellPath = /bin/sh;
			shellScript = "\"${SRCROOT}/Pods/Target Support Files/Pods-ProjetoJenkins/Pods-ProjetoJenkins-resources.sh\"\n";
			showEnvVarsInLog = 0;
		};
		DC105B183E97BB36EF86FD9F /* [CP] Embed Pods Frameworks */ = {
			isa = PBXShellScriptBuildPhase;
			buildActionMask = 2147483647;
			files = (
			);
			inputPaths = (
			);
			name = "[CP] Embed Pods Frameworks";
			outputPaths = (
			);
			runOnlyForDeploymentPostprocessing = 0;
			shellPath = /bin/sh;
			shellScript = "\"${SRCROOT}/Pods/Target Support Files/Pods-ProjetoJenkinsTests/Pods-ProjetoJenkinsTests-frameworks.sh\"\n";
			showEnvVarsInLog = 0;
		};
/* End PBXShellScriptBuildPhase section */

/* Begin PBXSourcesBuildPhase section */
		D65BF8851EFB50A200F6C962 /* Sources */ = {
			isa = PBXSourcesBuildPhase;
			buildActionMask = 2147483647;
			files = (
				D65BF88F1EFB50A200F6C962 /* ViewController.swift in Sources */,
				D65BF88D1EFB50A200F6C962 /* AppDelegate.swift in Sources */,
			);
			runOnlyForDeploymentPostprocessing = 0;
		};
		D65BF8991EFB50A300F6C962 /* Sources */ = {
			isa = PBXSourcesBuildPhase;
			buildActionMask = 2147483647;
			files = (
				D65BF8A21EFB50A300F6C962 /* ProjetoJenkinsTests.swift in Sources */,
			);
			runOnlyForDeploymentPostprocessing = 0;
		};
/* End PBXSourcesBuildPhase section */

/* Begin PBXTargetDependency section */
		D65BF89F1EFB50A300F6C962 /* PBXTargetDependency */ = {
			isa = PBXTargetDependency;
			target = D65BF8881EFB50A200F6C962 /* ProjetoJenkins */;
			targetProxy = D65BF89E1EFB50A300F6C962 /* PBXContainerItemProxy */;
		};
/* End PBXTargetDependency section */

/* Begin PBXVariantGroup section */
		D65BF8901EFB50A200F6C962 /* Main.storyboard */ = {
			isa = PBXVariantGroup;
			children = (
				D65BF8911EFB50A200F6C962 /* Base */,
			);
			name = Main.storyboard;
			sourceTree = "<group>";
		};
		D65BF8951EFB50A200F6C962 /* LaunchScreen.storyboard */ = {
			isa = PBXVariantGroup;
			children = (
				D65BF8961EFB50A200F6C962 /* Base */,
			);
			name = LaunchScreen.storyboard;
			sourceTree = "<group>";
		};
/* End PBXVariantGroup section */

/* Begin XCBuildConfiguration section */
		D65BF8A41EFB50A300F6C962 /* Debug */ = {
			isa = XCBuildConfiguration;
			buildSettings = {
				ALWAYS_SEARCH_USER_PATHS = NO;
				CLANG_ANALYZER_NONNULL = YES;
				CLANG_CXX_LANGUAGE_STANDARD = "gnu++0x";
				CLANG_CXX_LIBRARY = "libc++";
				CLANG_ENABLE_MODULES = YES;
				CLANG_ENABLE_OBJC_ARC = YES;
				CLANG_WARN_BOOL_CONVERSION = YES;
				CLANG_WARN_CONSTANT_CONVERSION = YES;
				CLANG_WARN_DIRECT_OBJC_ISA_USAGE = YES_ERROR;
				CLANG_WARN_DOCUMENTATION_COMMENTS = YES;
				CLANG_WARN_EMPTY_BODY = YES;
				CLANG_WARN_ENUM_CONVERSION = YES;
				CLANG_WARN_INFINITE_RECURSION = YES;
				CLANG_WARN_INT_CONVERSION = YES;
				CLANG_WARN_OBJC_ROOT_CLASS = YES_ERROR;
				CLANG_WARN_SUSPICIOUS_MOVE = YES;
				CLANG_WARN_UNREACHABLE_CODE = YES;
				CLANG_WARN__DUPLICATE_METHOD_MATCH = YES;
				"CODE_SIGN_IDENTITY[sdk=iphoneos*]" = "iPhone Developer";
				COPY_PHASE_STRIP = NO;
				DEBUG_INFORMATION_FORMAT = dwarf;
				ENABLE_STRICT_OBJC_MSGSEND = YES;
				ENABLE_TESTABILITY = YES;
				GCC_C_LANGUAGE_STANDARD = gnu99;
				GCC_DYNAMIC_NO_PIC = NO;
				GCC_NO_COMMON_BLOCKS = YES;
				GCC_OPTIMIZATION_LEVEL = 0;
				GCC_PREPROCESSOR_DEFINITIONS = (
					"DEBUG=1",
					"$(inherited)",
				);
				GCC_WARN_64_TO_32_BIT_CONVERSION = YES;
				GCC_WARN_ABOUT_RETURN_TYPE = YES_ERROR;
				GCC_WARN_UNDECLARED_SELECTOR = YES;
				GCC_WARN_UNINITIALIZED_AUTOS = YES_AGGRESSIVE;
				GCC_WARN_UNUSED_FUNCTION = YES;
				GCC_WARN_UNUSED_VARIABLE = YES;
				IPHONEOS_DEPLOYMENT_TARGET = 10.2;
				MTL_ENABLE_DEBUG_INFO = YES;
				ONLY_ACTIVE_ARCH = YES;
				SDKROOT = iphoneos;
				SWIFT_ACTIVE_COMPILATION_CONDITIONS = DEBUG;
				SWIFT_OPTIMIZATION_LEVEL = "-Onone";
				TARGETED_DEVICE_FAMILY = "1,2";
			};
			name = Debug;
		};
		D65BF8A51EFB50A300F6C962 /* Release */ = {
			isa = XCBuildConfiguration;
			buildSettings = {
				ALWAYS_SEARCH_USER_PATHS = NO;
				CLANG_ANALYZER_NONNULL = YES;
				CLANG_CXX_LANGUAGE_STANDARD = "gnu++0x";
				CLANG_CXX_LIBRARY = "libc++";
				CLANG_ENABLE_MODULES = YES;
				CLANG_ENABLE_OBJC_ARC = YES;
				CLANG_WARN_BOOL_CONVERSION = YES;
				CLANG_WARN_CONSTANT_CONVERSION = YES;
				CLANG_WARN_DIRECT_OBJC_ISA_USAGE = YES_ERROR;
				CLANG_WARN_DOCUMENTATION_COMMENTS = YES;
				CLANG_WARN_EMPTY_BODY = YES;
				CLANG_WARN_ENUM_CONVERSION = YES;
				CLANG_WARN_INFINITE_RECURSION = YES;
				CLANG_WARN_INT_CONVERSION = YES;
				CLANG_WARN_OBJC_ROOT_CLASS = YES_ERROR;
				CLANG_WARN_SUSPICIOUS_MOVE = YES;
				CLANG_WARN_UNREACHABLE_CODE = YES;
				CLANG_WARN__DUPLICATE_METHOD_MATCH = YES;
				"CODE_SIGN_IDENTITY[sdk=iphoneos*]" = "iPhone Developer";
				COPY_PHASE_STRIP = NO;
				DEBUG_INFORMATION_FORMAT = "dwarf-with-dsym";
				ENABLE_NS_ASSERTIONS = NO;
				ENABLE_STRICT_OBJC_MSGSEND = YES;
				GCC_C_LANGUAGE_STANDARD = gnu99;
				GCC_NO_COMMON_BLOCKS = YES;
				GCC_WARN_64_TO_32_BIT_CONVERSION = YES;
				GCC_WARN_ABOUT_RETURN_TYPE = YES_ERROR;
				GCC_WARN_UNDECLARED_SELECTOR = YES;
				GCC_WARN_UNINITIALIZED_AUTOS = YES_AGGRESSIVE;
				GCC_WARN_UNUSED_FUNCTION = YES;
				GCC_WARN_UNUSED_VARIABLE = YES;
				IPHONEOS_DEPLOYMENT_TARGET = 10.2;
				MTL_ENABLE_DEBUG_INFO = NO;
				SDKROOT = iphoneos;
				SWIFT_OPTIMIZATION_LEVEL = "-Owholemodule";
				TARGETED_DEVICE_FAMILY = "1,2";
				VALIDATE_PRODUCT = YES;
			};
			name = Release;
		};
		D65BF8A71EFB50A300F6C962 /* Debug */ = {
			isa = XCBuildConfiguration;
			baseConfigurationReference = 0C92BF69FA972061F726BB1E /* Pods-ProjetoJenkins.debug.xcconfig */;
			buildSettings = {
				ASSETCATALOG_COMPILER_APPICON_NAME = AppIcon;
				DEVELOPMENT_TEAM = Q455L4V7AE;
				INFOPLIST_FILE = ProjetoJenkins/Info.plist;
				LD_RUNPATH_SEARCH_PATHS = "$(inherited) @executable_path/Frameworks";
				PRODUCT_BUNDLE_IDENTIFIER = com.accenture.ProjetoJenkins;
				PRODUCT_NAME = "$(TARGET_NAME)";
				PROVISIONING_PROFILE = "a8408ca1-ff39-4c8a-97db-25fcc88dc778";
				PROVISIONING_PROFILE_SPECIFIER = "Dev: Geral";
				SWIFT_VERSION = 3.0;
			};
			name = Debug;
		};
		D65BF8A81EFB50A300F6C962 /* Release */ = {
			isa = XCBuildConfiguration;
			baseConfigurationReference = 867807A31EB6BB0F33352390 /* Pods-ProjetoJenkins.release.xcconfig */;
			buildSettings = {
				ASSETCATALOG_COMPILER_APPICON_NAME = AppIcon;
				"CODE_SIGN_IDENTITY[sdk=iphoneos*]" = "iPhone Distribution";
				DEVELOPMENT_TEAM = Q455L4V7AE;
				INFOPLIST_FILE = ProjetoJenkins/Info.plist;
				LD_RUNPATH_SEARCH_PATHS = "$(inherited) @executable_path/Frameworks";
				PRODUCT_BUNDLE_IDENTIFIER = com.accenture.ProjetoJenkins;
				PRODUCT_NAME = "$(TARGET_NAME)";
				PROVISIONING_PROFILE = "2abb4f9f-79ff-4259-bfd9-9375423c58b9";
				PROVISIONING_PROFILE_SPECIFIER = "Distrib: Geral";
				SWIFT_VERSION = 3.0;
			};
			name = Release;
		};
		D65BF8AA1EFB50A300F6C962 /* Debug */ = {
			isa = XCBuildConfiguration;
			baseConfigurationReference = 335FEC2BF6A0FDFB72AF0A99 /* Pods-ProjetoJenkinsTests.debug.xcconfig */;
			buildSettings = {
				ALWAYS_EMBED_SWIFT_STANDARD_LIBRARIES = YES;
				BUNDLE_LOADER = "$(TEST_HOST)";
				INFOPLIST_FILE = ProjetoJenkinsTests/Info.plist;
				LD_RUNPATH_SEARCH_PATHS = "$(inherited) @executable_path/Frameworks @loader_path/Frameworks";
				PRODUCT_BUNDLE_IDENTIFIER = br.com.alex.ProjetoJenkinsTests;
				PRODUCT_NAME = "$(TARGET_NAME)";
				SWIFT_VERSION = 3.0;
				TEST_HOST = "$(BUILT_PRODUCTS_DIR)/ProjetoJenkins.app/ProjetoJenkins";
			};
			name = Debug;
		};
		D65BF8AB1EFB50A300F6C962 /* Release */ = {
			isa = XCBuildConfiguration;
			baseConfigurationReference = FADEC75C3809B780F469F4A0 /* Pods-ProjetoJenkinsTests.release.xcconfig */;
			buildSettings = {
				ALWAYS_EMBED_SWIFT_STANDARD_LIBRARIES = YES;
				BUNDLE_LOADER = "$(TEST_HOST)";
				INFOPLIST_FILE = ProjetoJenkinsTests/Info.plist;
				LD_RUNPATH_SEARCH_PATHS = "$(inherited) @executable_path/Frameworks @loader_path/Frameworks";
				PRODUCT_BUNDLE_IDENTIFIER = br.com.alex.ProjetoJenkinsTests;
				PRODUCT_NAME = "$(TARGET_NAME)";
				SWIFT_VERSION = 3.0;
				TEST_HOST = "$(BUILT_PRODUCTS_DIR)/ProjetoJenkins.app/ProjetoJenkins";
			};
			name = Release;
		};
/* End XCBuildConfiguration section */

/* Begin XCConfigurationList section */
		D65BF8841EFB50A200F6C962 /* Build configuration list for PBXProject "ProjetoJenkins" */ = {
			isa = XCConfigurationList;
			buildConfigurations = (
				D65BF8A41EFB50A300F6C962 /* Debug */,
				D65BF8A51EFB50A300F6C962 /* Release */,
			);
			defaultConfigurationIsVisible = 0;
			defaultConfigurationName = Release;
		};
		D65BF8A61EFB50A300F6C962 /* Build configuration list for PBXNativeTarget "ProjetoJenkins" */ = {
			isa = XCConfigurationList;
			buildConfigurations = (
				D65BF8A71EFB50A300F6C962 /* Debug */,
				D65BF8A81EFB50A300F6C962 /* Release */,
			);
			defaultConfigurationIsVisible = 0;
			defaultConfigurationName = Release;
		};
		D65BF8A91EFB50A300F6C962 /* Build configuration list for PBXNativeTarget "ProjetoJenkinsTests" */ = {
			isa = XCConfigurationList;
			buildConfigurations = (
				D65BF8AA1EFB50A300F6C962 /* Debug */,
				D65BF8AB1EFB50A300F6C962 /* Release */,
			);
			defaultConfigurationIsVisible = 0;
			defaultConfigurationName = Release;
		};
/* End XCConfigurationList section */
	};
	rootObject = D65BF8811EFB50A200F6C962 /* Project object */;
}
